
Microsoft Visual Studio Solution File, Format Version 12.00
# Visual Studio Version 16
VisualStudioVersion = 16.0.30907.101
MinimumVisualStudioVersion = 10.0.40219.1
Project("{FAE04EC0-301F-11D3-BF4B-00C04F79EFBC}") = "RepCounter.API", "RepCounter.API\RepCounter.API.csproj", "{F239C475-DD62-40B3-B180-3FA200BFC0B2}"
EndProject
Project("{FAE04EC0-301F-11D3-BF4B-00C04F79EFBC}") = "RepCounter.Common.Model", "Recpounter.Common.Model\RepCounter.Common.Model.csproj", "{0818A08D-397B-4C08-BD38-61B6F6092E71}"
EndProject
Project("{FAE04EC0-301F-11D3-BF4B-00C04F79EFBC}") = "RepCounter.DataAccess.Abstractions", "RepCounter.DataAccess.Abstractions\RepCounter.DataAccess.Abstractions.csproj", "{39C4F859-B1B6-49ED-97E7-9FC6FF88C392}"
EndProject
Project("{FAE04EC0-301F-11D3-BF4B-00C04F79EFBC}") = "RepCounter.DataAccess.EF", "RepCounter.DataAccess.EF\RepCounter.DataAccess.EF.csproj", "{AAF159E5-AAAC-4130-B688-E8CFD1C61CB5}"
EndProject
Global
	GlobalSection(SolutionConfigurationPlatforms) = preSolution
		Debug|Any CPU = Debug|Any CPU
		Release|Any CPU = Release|Any CPU
	EndGlobalSection
	GlobalSection(ProjectConfigurationPlatforms) = postSolution
		{F239C475-DD62-40B3-B180-3FA200BFC0B2}.Debug|Any CPU.ActiveCfg = Debug|Any CPU
		{F239C475-DD62-40B3-B180-3FA200BFC0B2}.Debug|Any CPU.Build.0 = Debug|Any CPU
		{F239C475-DD62-40B3-B180-3FA200BFC0B2}.Release|Any CPU.ActiveCfg = Release|Any CPU
		{F239C475-DD62-40B3-B180-3FA200BFC0B2}.Release|Any CPU.Build.0 = Release|Any CPU
		{0818A08D-397B-4C08-BD38-61B6F6092E71}.Debug|Any CPU.ActiveCfg = Debug|Any CPU
		{0818A08D-397B-4C08-BD38-61B6F6092E71}.Debug|Any CPU.Build.0 = Debug|Any CPU
		{0818A08D-397B-4C08-BD38-61B6F6092E71}.Release|Any CPU.ActiveCfg = Release|Any CPU
		{0818A08D-397B-4C08-BD38-61B6F6092E71}.Release|Any CPU.Build.0 = Release|Any CPU
		{39C4F859-B1B6-49ED-97E7-9FC6FF88C392}.Debug|Any CPU.ActiveCfg = Debug|Any CPU
		{39C4F859-B1B6-49ED-97E7-9FC6FF88C392}.Debug|Any CPU.Build.0 = Debug|Any CPU
		{39C4F859-B1B6-49ED-97E7-9FC6FF88C392}.Release|Any CPU.ActiveCfg = Release|Any CPU
		{39C4F859-B1B6-49ED-97E7-9FC6FF88C392}.Release|Any CPU.Build.0 = Release|Any CPU
		{AAF159E5-AAAC-4130-B688-E8CFD1C61CB5}.Debug|Any CPU.ActiveCfg = Debug|Any CPU
		{AAF159E5-AAAC-4130-B688-E8CFD1C61CB5}.Debug|Any CPU.Build.0 = Debug|Any CPU
		{AAF159E5-AAAC-4130-B688-E8CFD1C61CB5}.Release|Any CPU.ActiveCfg = Release|Any CPU
		{AAF159E5-AAAC-4130-B688-E8CFD1C61CB5}.Release|Any CPU.Build.0 = Release|Any CPU
	EndGlobalSection
	GlobalSection(SolutionProperties) = preSolution
		HideSolutionNode = FALSE
	EndGlobalSection
	GlobalSection(ExtensibilityGlobals) = postSolution
		SolutionGuid = {878E19FD-288B-4EBD-A318-B39BC4937FA9}
	EndGlobalSection
EndGlobal
